{
  "name": "integration-test-extern-validator",
  "lockfileVersion": 3,
  "requires": true,
  "packages": {
    "": {
      "dependencies": {
        "hl7.fhir.r4.core": "4.0.1",
        "hl7.fhir.us.core": "3.1.1"
      }
    },
    "node_modules/hl7.fhir.r4.core": {
      "version": "4.0.1",
      "resolved": "https://packages.simplifier.net/hl7.fhir.r4.core/4.0.1",
      "integrity": "sha1-DkuNmfeRhYdVdoLItH32BUJFR6U="
    },
    "node_modules/hl7.fhir.us.core": {
      "version": "3.1.1",
      "resolved": "https://packages.simplifier.net/hl7.fhir.us.core/3.1.1",
      "integrity": "sha1-qZj6QctaBhjSLthnHHHKmVSxrIw="
    }
  }
}
