{
  "name": "load-test",
  "version": "1.0.0",
  "lockfileVersion": 3,
  "requires": true,
  "packages": {
    "": {
      "name": "load-test",
      "version": "1.0.0",
      "license": "ISC",
      "devDependencies": {
        "@types/k6": "^1.0.0"
      }
    },
    "node_modules/@types/k6": {
      "version": "1.3.1",
      "resolved": "https://registry.npmjs.org/@types/k6/-/k6-1.3.1.tgz",
      "integrity": "sha512-q1abxgbSz9i/TzVSst/JeIJ5yW1QuWH0HRaU8kJv1mJ+OyjVPFpCyYoItSt/N1IBOothykoQ1n+5QPaAnS6qpQ==",
      "dev": true,
      "license": "MIT"
    }
  }
}
