{
  "name": "load-test",
  "version": "1.0.0",
  "lockfileVersion": 3,
  "requires": true,
  "packages": {
    "": {
      "name": "load-test",
      "version": "1.0.0",
      "license": "ISC",
      "devDependencies": {
        "@types/k6": "1.0.2"
      }
    },
    "node_modules/@types/k6": {
      "version": "1.0.2",
      "resolved": "https://registry.npmjs.org/@types/k6/-/k6-1.0.2.tgz",
      "integrity": "sha512-bpja1c7OXIJk06aPGN+Aw5f3QhP0PjvgX2Fwfa3rJUaUI+O1ZE3491g9hMjhH21ZlTaAhz7h6veyxaz/RqPUTg==",
      "dev": true,
      "license": "MIT"
    }
  }
}
