{
  "name": "load-test",
  "version": "1.0.0",
  "lockfileVersion": 3,
  "requires": true,
  "packages": {
    "": {
      "name": "load-test",
      "version": "1.0.0",
      "license": "ISC",
      "devDependencies": {
        "@types/k6": "^0.57.0"
      }
    },
    "node_modules/@types/k6": {
      "version": "0.57.1",
      "resolved": "https://registry.npmjs.org/@types/k6/-/k6-0.57.1.tgz",
      "integrity": "sha512-S/p2RQAYUBXyYROkR2fgeON/LaxJ0YR+KIlnPQW/TOeLBXD7tX4RfDSWaIecuDTWKblmc6UwANyP0e5QDZPhMw==",
      "dev": true,
      "license": "MIT"
    }
  }
}
