{
  "name": "validation",
  "lockfileVersion": 3,
  "requires": true,
  "packages": {
    "": {
      "dependencies": {
        "de.basisprofil.r4": "^1.5.4",
        "de.einwilligungsmanagement": "^2.0.1",
        "de.gematik.isik-basismodul": "^4.0.3",
        "de.medizininformatikinitiative.kerndatensatz.bildgebung": "^2026.0.0-ballot",
        "de.medizininformatikinitiative.kerndatensatz.biobank": "^2026.0.0-ballot1",
        "de.medizininformatikinitiative.kerndatensatz.consent": "^2025.0.4",
        "de.medizininformatikinitiative.kerndatensatz.diagnose": "^2025.0.1",
        "de.medizininformatikinitiative.kerndatensatz.fall": "^2025.0.1",
        "de.medizininformatikinitiative.kerndatensatz.icu": "^2025.0.4",
        "de.medizininformatikinitiative.kerndatensatz.laborbefund": "^2025.0.2",
        "de.medizininformatikinitiative.kerndatensatz.medikation": "^2025.0.0",
        "de.medizininformatikinitiative.kerndatensatz.meta": "^2025.0.3",
        "de.medizininformatikinitiative.kerndatensatz.mikrobiologie": "^2025.0.1",
        "de.medizininformatikinitiative.kerndatensatz.molgen": "^2026.0.0-ballot.2",
        "de.medizininformatikinitiative.kerndatensatz.patho": "^2026.0.0-ballot",
        "de.medizininformatikinitiative.kerndatensatz.person": "^2025.0.1",
        "de.medizininformatikinitiative.kerndatensatz.prozedur": "^2025.0.1",
        "de.medizininformatikinitiative.kerndatensatz.studie": "^2026.0.0-ballot",
        "eu.miabis.r4": "^0.2.0",
        "hl7.fhir.r4b.core": "^4.3.0",
        "hl7.fhir.uv.extensions": "^5.3.0-ballot-tc1",
        "hl7.fhir.uv.genomics-reporting": "^3.0.0",
        "hl7.terminology": "^6.5.0"
      }
    },
    "node_modules/de.basisprofil.r4": {
      "version": "1.5.4",
      "resolved": "https://packages.simplifier.net/de.basisprofil.r4/1.5.4",
      "integrity": "sha1-BpqzdwUEx+36DdlREw4uc+YgEJs="
    },
    "node_modules/de.einwilligungsmanagement": {
      "version": "2.0.1",
      "resolved": "https://packages.simplifier.net/de.einwilligungsmanagement/2.0.1",
      "integrity": "sha1-n1WVaXyASqJeKeYfEszWXZVM77k="
    },
    "node_modules/de.gematik.isik-basismodul": {
      "version": "4.0.3",
      "resolved": "https://packages.simplifier.net/de.gematik.isik-basismodul/4.0.3",
      "integrity": "sha1-icWseVWwia3fMbTxhJXISizjdLE="
    },
    "node_modules/de.medizininformatikinitiative.kerndatensatz.bildgebung": {
      "version": "2026.0.0-ballot",
      "resolved": "https://packages.simplifier.net/de.medizininformatikinitiative.kerndatensatz.bildgebung/2026.0.0-ballot",
      "integrity": "sha1-MsSzrkckdj9m9lLiTTidB+7/LUY="
    },
    "node_modules/de.medizininformatikinitiative.kerndatensatz.biobank": {
      "version": "2026.0.0-ballot1",
      "resolved": "https://packages.simplifier.net/de.medizininformatikinitiative.kerndatensatz.biobank/2026.0.0-ballot1",
      "integrity": "sha1-+H9ZPQP1ZZomT3BWdzOW9xzRRYU="
    },
    "node_modules/de.medizininformatikinitiative.kerndatensatz.consent": {
      "version": "2025.0.4",
      "resolved": "https://packages.simplifier.net/de.medizininformatikinitiative.kerndatensatz.consent/2025.0.4",
      "integrity": "sha1-7Hkjps0DnUcDW5kvFZtqyrt1qXc="
    },
    "node_modules/de.medizininformatikinitiative.kerndatensatz.diagnose": {
      "version": "2025.0.1",
      "resolved": "https://packages.simplifier.net/de.medizininformatikinitiative.kerndatensatz.diagnose/2025.0.1",
      "integrity": "sha1-+8DCLE9u51CaCp5BJ9ABEDHQBBE="
    },
    "node_modules/de.medizininformatikinitiative.kerndatensatz.fall": {
      "version": "2025.0.1",
      "resolved": "https://packages.simplifier.net/de.medizininformatikinitiative.kerndatensatz.fall/2025.0.1",
      "integrity": "sha1-9aAoFFFFT+hf6xP7G9dWH9r22EE="
    },
    "node_modules/de.medizininformatikinitiative.kerndatensatz.icu": {
      "version": "2025.0.4",
      "resolved": "https://packages.simplifier.net/de.medizininformatikinitiative.kerndatensatz.icu/2025.0.4",
      "integrity": "sha1-KVeL1HXUMUQ2tjvYJuz05UIXJ4g="
    },
    "node_modules/de.medizininformatikinitiative.kerndatensatz.laborbefund": {
      "version": "2025.0.2",
      "resolved": "https://packages.simplifier.net/de.medizininformatikinitiative.kerndatensatz.laborbefund/2025.0.2",
      "integrity": "sha1-jVoi5AmZD1hbni15Pl9+2xmDnRg="
    },
    "node_modules/de.medizininformatikinitiative.kerndatensatz.medikation": {
      "version": "2025.0.0",
      "resolved": "https://packages.simplifier.net/de.medizininformatikinitiative.kerndatensatz.medikation/2025.0.0",
      "integrity": "sha1-oSti6JLZpI06x2w1VcJltBXibCo="
    },
    "node_modules/de.medizininformatikinitiative.kerndatensatz.meta": {
      "version": "2025.0.3",
      "resolved": "https://packages.simplifier.net/de.medizininformatikinitiative.kerndatensatz.meta/2025.0.3",
      "integrity": "sha1-b7wsSnIOQAlShJ8BUrvALgFXinA="
    },
    "node_modules/de.medizininformatikinitiative.kerndatensatz.mikrobiologie": {
      "version": "2025.0.1",
      "resolved": "https://packages.simplifier.net/de.medizininformatikinitiative.kerndatensatz.mikrobiologie/2025.0.1",
      "integrity": "sha1-8RJayNNXF06s0a/GoxTxS/raIdg="
    },
    "node_modules/de.medizininformatikinitiative.kerndatensatz.molgen": {
      "version": "2026.0.0-ballot.2",
      "resolved": "https://packages.simplifier.net/de.medizininformatikinitiative.kerndatensatz.molgen/2026.0.0-ballot.2",
      "integrity": "sha1-xtEMCIN3CVh4FlN6tcnnVxNpwTs="
    },
    "node_modules/de.medizininformatikinitiative.kerndatensatz.patho": {
      "version": "2026.0.0-ballot",
      "resolved": "https://packages.simplifier.net/de.medizininformatikinitiative.kerndatensatz.patho/2026.0.0-ballot",
      "integrity": "sha1-3nOPd/gHvYqdN2nEMKwLtHizdTc="
    },
    "node_modules/de.medizininformatikinitiative.kerndatensatz.person": {
      "version": "2025.0.1",
      "resolved": "https://packages.simplifier.net/de.medizininformatikinitiative.kerndatensatz.person/2025.0.1",
      "integrity": "sha1-W+BU9ntpHAqTjy5biooFVxilwNQ="
    },
    "node_modules/de.medizininformatikinitiative.kerndatensatz.prozedur": {
      "version": "2025.0.1",
      "resolved": "https://packages.simplifier.net/de.medizininformatikinitiative.kerndatensatz.prozedur/2025.0.1",
      "integrity": "sha1-89jVORwMGBeyAQKcBhPbkoP0wjs="
    },
    "node_modules/de.medizininformatikinitiative.kerndatensatz.studie": {
      "version": "2026.0.0-ballot",
      "resolved": "https://packages.simplifier.net/de.medizininformatikinitiative.kerndatensatz.studie/2026.0.0-ballot",
      "integrity": "sha1-vUmJwZfQj5ILzPsv3uhRd2YXlJ0="
    },
    "node_modules/eu.miabis.r4": {
      "version": "0.2.0",
      "resolved": "https://packages.simplifier.net/eu.miabis.r4/0.2.0",
      "integrity": "sha1-+9lN9iuz3COObyn0HZqpLp5rlw0="
    },
    "node_modules/hl7.fhir.r4b.core": {
      "version": "4.3.0",
      "resolved": "https://packages.simplifier.net/hl7.fhir.r4b.core/4.3.0",
      "integrity": "sha1-d5WpyBGx6ONOsRC7ODVUM9LIuIw="
    },
    "node_modules/hl7.fhir.uv.extensions": {
      "version": "5.3.0-ballot-tc1",
      "resolved": "https://packages.simplifier.net/hl7.fhir.uv.extensions/5.3.0-ballot-tc1",
      "integrity": "sha1-PD/0V9lcTWehIXyWZSoA+04mdMA="
    },
    "node_modules/hl7.fhir.uv.genomics-reporting": {
      "version": "3.0.0",
      "resolved": "https://packages.simplifier.net/hl7.fhir.uv.genomics-reporting/3.0.0",
      "integrity": "sha1-7a0PEJ9DaNFHOjkDDu8dIfy+zeU="
    },
    "node_modules/hl7.terminology": {
      "version": "6.5.0",
      "resolved": "https://packages.simplifier.net/hl7.terminology/6.5.0",
      "integrity": "sha1-Bnwo3mLBgEhrSrlkOx2CO6FDIV0="
    }
  }
}
