{
  "name": "test-data",
  "lockfileVersion": 3,
  "requires": true,
  "packages": {
    "": {
      "dependencies": {
        "de.medizininformatikinitiative.kerndatensatz.fall": "^2025.0.0",
        "de.medizininformatikinitiative.kerndatensatz.laborbefund": "^2026.0.0"
      }
    },
    "node_modules/de.medizininformatikinitiative.kerndatensatz.fall": {
      "version": "2025.0.1",
      "resolved": "https://packages.simplifier.net/de.medizininformatikinitiative.kerndatensatz.fall/2025.0.1",
      "integrity": "sha1-9aAoFFFFT+hf6xP7G9dWH9r22EE="
    },
    "node_modules/de.medizininformatikinitiative.kerndatensatz.laborbefund": {
      "version": "2026.0.1",
      "resolved": "https://packages.simplifier.net/de.medizininformatikinitiative.kerndatensatz.laborbefund/2026.0.1",
      "integrity": "sha1-ZoDs8zCyuVE39YAu0tp4+tbsIfQ="
    }
  }
}
