{
  "name": "value-set-expand",
  "lockfileVersion": 3,
  "requires": true,
  "packages": {
    "": {
      "dependencies": {
        "@mii-termserv/de.medizininformatikinitiative.kerndatensatz.terminology.bill-of-materials": "^2025.12.2"
      }
    },
    "node_modules/@mii-termserv/cas.registry": {
      "version": "2024.7.23",
      "resolved": "https://gitlab.com/api/v4/projects/60485091/packages/npm/@mii-termserv/cas.registry/-/@mii-termserv/cas.registry-2024.7.23.tgz",
      "integrity": "sha1-W9YfWqJPxg6WBbb4ykHwJNJmEis="
    },
    "node_modules/@mii-termserv/de.bfarm.alpha-id-se": {
      "version": "2025.0.2",
      "resolved": "https://gitlab.com/api/v4/projects/57608808/packages/npm/@mii-termserv/de.bfarm.alpha-id-se/-/@mii-termserv/de.bfarm.alpha-id-se-2025.0.2.tgz",
      "integrity": "sha1-2GMYSMtvcZDVyWRV+pC0GKQF2aU="
    },
    "node_modules/@mii-termserv/de.bfarm.ask": {
      "version": "2025.1.1",
      "resolved": "https://gitlab.com/api/v4/projects/59273210/packages/npm/@mii-termserv/de.bfarm.ask/-/@mii-termserv/de.bfarm.ask-2025.1.1.tgz",
      "integrity": "sha1-cCJjw5r8J6ARkToE4wNWrP/Xi/k="
    },
    "node_modules/@mii-termserv/de.bfarm.atc": {
      "version": "2025.0.3",
      "resolved": "https://gitlab.com/api/v4/projects/57874332/packages/npm/@mii-termserv/de.bfarm.atc/-/@mii-termserv/de.bfarm.atc-2025.0.3.tgz",
      "integrity": "sha1-mrtVAnFEDZ8JWnshbXaIBIhpbq0="
    },
    "node_modules/@mii-termserv/de.bfarm.icd-10-gm": {
      "version": "2025.0.3",
      "resolved": "https://gitlab.com/api/v4/projects/57608725/packages/npm/@mii-termserv/de.bfarm.icd-10-gm/-/@mii-termserv/de.bfarm.icd-10-gm-2025.0.3.tgz",
      "integrity": "sha1-8KEmXHNr5Gwomb206kHH6v41VzM="
    },
    "node_modules/@mii-termserv/de.bfarm.icd-10-who": {
      "version": "2019.0.0",
      "resolved": "https://gitlab.com/api/v4/projects/57608845/packages/npm/@mii-termserv/de.bfarm.icd-10-who/-/@mii-termserv/de.bfarm.icd-10-who-2019.0.0.tgz",
      "integrity": "sha1-iEhVXZ5v+d/aYBFvBzO07wH9Rzk="
    },
    "node_modules/@mii-termserv/de.bfarm.icd-o-3": {
      "version": "2.0.0",
      "resolved": "https://gitlab.com/api/v4/projects/57608824/packages/npm/@mii-termserv/de.bfarm.icd-o-3/-/@mii-termserv/de.bfarm.icd-o-3-2.0.0.tgz",
      "integrity": "sha1-OPdT/5ahsN8kUo2m0+UnFFT243U="
    },
    "node_modules/@mii-termserv/de.bfarm.ops": {
      "version": "2025.0.1",
      "resolved": "https://gitlab.com/api/v4/projects/57608812/packages/npm/@mii-termserv/de.bfarm.ops/-/@mii-termserv/de.bfarm.ops-2025.0.1.tgz",
      "integrity": "sha1-pPCVEz9aRVJiEcMYbmwbDgQGhus="
    },
    "node_modules/@mii-termserv/de.dvmd.kdl.r4": {
      "version": "2025.0.0-suts.1",
      "resolved": "https://gitlab.com/api/v4/projects/69881685/packages/npm/@mii-termserv/de.dvmd.kdl.r4/-/@mii-termserv/de.dvmd.kdl.r4-2025.0.0-suts.1.tgz",
      "integrity": "sha1-fwQ1NB3XAylttVJHhu/OJzpywsA="
    },
    "node_modules/@mii-termserv/de.einwilligungsmanagement.terminology": {
      "version": "2.0.1-suts.1",
      "resolved": "https://gitlab.com/api/v4/projects/60269034/packages/npm/@mii-termserv/de.einwilligungsmanagement.terminology/-/@mii-termserv/de.einwilligungsmanagement.terminology-2.0.1-suts.1.tgz",
      "integrity": "sha1-sQY17GbURFhwvEpHIDuLCIoG9qw=",
      "dependencies": {
        "@mii-termserv/de.hl7.basisprofile.terminology": "^1.5.3-suts",
        "@mii-termserv/hl7.fhir.r4.terminology": "^4.0.1-suts",
        "@mii-termserv/hl7.terminology.r4": "^5.4.0-suts"
      }
    },
    "node_modules/@mii-termserv/de.gematik.isik-basismodul.terminology": {
      "version": "4.0.3-suts.4",
      "resolved": "https://gitlab.com/api/v4/projects/69853456/packages/npm/@mii-termserv/de.gematik.isik-basismodul.terminology/-/@mii-termserv/de.gematik.isik-basismodul.terminology-4.0.3-suts.4.tgz",
      "integrity": "sha1-kV/gwicKu1EwdvhmcFPL2O7zWlM=",
      "dependencies": {
        "@mii-termserv/de.bfarm.alpha-id-se": ">=2025.0.1",
        "@mii-termserv/de.bfarm.icd-10-gm": ">=2025.0.0",
        "@mii-termserv/de.bfarm.ops": ">=2025.0.0",
        "@mii-termserv/de.dvmd.kdl.r4": "^2025.0.0-suts",
        "@mii-termserv/de.hl7.basisprofile.terminology": "^1.5.3-suts",
        "@mii-termserv/de.ihe-d.terminology": "^3.0.1-suts",
        "@mii-termserv/fr.inserm.orphanet.nomenclature": ">=2024.1.0",
        "@mii-termserv/hl7.fhir.r4.terminology": "^4.0.1-suts",
        "@mii-termserv/hl7.terminology.r4": "^5.4.0-suts",
        "@mii-termserv/hl7.uv.subscriptions-backport.terminology": "^1.1.0-suts",
        "@mii-termserv/snomed-ct": ">=2025.1.1"
      }
    },
    "node_modules/@mii-termserv/de.gematik.isik-vitalparameter.terminology": {
      "version": "4.0.2-suts.1",
      "resolved": "https://gitlab.com/api/v4/projects/69848916/packages/npm/@mii-termserv/de.gematik.isik-vitalparameter.terminology/-/@mii-termserv/de.gematik.isik-vitalparameter.terminology-4.0.2-suts.1.tgz",
      "integrity": "sha1-Yx4G+Fcu8nrqWGwqoCs5xvWCrhI=",
      "dependencies": {
        "@mii-termserv/de.hl7.basisprofile.terminology": "^1.5.3-suts",
        "@mii-termserv/hl7.fhir.r4.terminology": "^4.0.1-suts",
        "@mii-termserv/iso-ieee.11073-10101": ">=2023.9.20",
        "@mii-termserv/loinc": ">=2024.10.11",
        "@mii-termserv/snomed-ct": ">=2025.1.1"
      }
    },
    "node_modules/@mii-termserv/de.hl7.basisprofile.terminology": {
      "version": "1.5.3-suts.7",
      "resolved": "https://gitlab.com/api/v4/projects/55987678/packages/npm/@mii-termserv/de.hl7.basisprofile.terminology/-/@mii-termserv/de.hl7.basisprofile.terminology-1.5.3-suts.7.tgz",
      "integrity": "sha1-36pTloMbDh/RRrOqhIAIvIKn3KI=",
      "dependencies": {
        "@mii-termserv/de.bfarm.alpha-id-se": ">=2025.0.0",
        "@mii-termserv/de.bfarm.ask": ">=2025.1.1",
        "@mii-termserv/de.bfarm.atc": ">=2025.0.0",
        "@mii-termserv/de.bfarm.icd-10-gm": ">=2025.0.0",
        "@mii-termserv/de.bfarm.ops": ">=2025.0.0",
        "@mii-termserv/de.ihe-d.terminology": "^3.0.1-suts",
        "@mii-termserv/de.kbv.basis.terminology": "^1.7.0-suts",
        "@mii-termserv/de.kbv.ita.for": "^1.2.0-suts",
        "@mii-termserv/de.kbv.schluesseltabellen": "^1.18.0-suts",
        "@mii-termserv/de.sutermserv.placeholders": ">=1.1.0",
        "@mii-termserv/hl7.fhir.r4.terminology": "^4.0.1-suts",
        "@mii-termserv/hl7.terminology.r4": "^5.4.0-suts"
      }
    },
    "node_modules/@mii-termserv/de.ihe-d.terminology": {
      "version": "3.0.1-suts.2",
      "resolved": "https://gitlab.com/api/v4/projects/57906441/packages/npm/@mii-termserv/de.ihe-d.terminology/-/@mii-termserv/de.ihe-d.terminology-3.0.1-suts.2.tgz",
      "integrity": "sha1-21A5vVtiR4kk4sHTIg+3OZkq7Eg=",
      "dependencies": {
        "@mii-termserv/hl7.terminology.r4": "^5.4.0-suts",
        "@mii-termserv/ihe.formatcodes": "^1.4.0-suts"
      }
    },
    "node_modules/@mii-termserv/de.kbv.basis.terminology": {
      "version": "1.7.0-suts.5",
      "resolved": "https://gitlab.com/api/v4/projects/59772971/packages/npm/@mii-termserv/de.kbv.basis.terminology/-/@mii-termserv/de.kbv.basis.terminology-1.7.0-suts.5.tgz",
      "integrity": "sha1-FBeytVHx6iMMmfTpUtsT7uf4cvI=",
      "dependencies": {
        "@mii-termserv/de.bfarm.ask": ">=2025.1.1",
        "@mii-termserv/de.bfarm.atc": ">=2025.0.0",
        "@mii-termserv/de.bfarm.ops": ">=2025.0.1",
        "@mii-termserv/de.ihe-d.terminology": "^3.0.1-suts",
        "@mii-termserv/de.sutermserv.placeholders": ">=1.1.0",
        "@mii-termserv/dicom.terminology": ">=2024.5.19-suts",
        "@mii-termserv/eu.edqm.standardterms": ">=2025.1.6",
        "@mii-termserv/hl7.fhir.r4.terminology": "^4.0.1-suts",
        "@mii-termserv/loinc": ">=2025.3.11",
        "@mii-termserv/org.unitsofmeasures": ">=2024.7.1",
        "@mii-termserv/snomed-ct": ">=2025.1.1"
      }
    },
    "node_modules/@mii-termserv/de.kbv.ita.for": {
      "version": "1.2.0-suts.3",
      "resolved": "https://gitlab.com/api/v4/projects/59776824/packages/npm/@mii-termserv/de.kbv.ita.for/-/@mii-termserv/de.kbv.ita.for-1.2.0-suts.3.tgz",
      "integrity": "sha1-ft/3QvIVIGcFdggYBobp9sl+Z1Y="
    },
    "node_modules/@mii-termserv/de.kbv.schluesseltabellen": {
      "version": "1.18.0-suts.2",
      "resolved": "https://gitlab.com/api/v4/projects/57873077/packages/npm/@mii-termserv/de.kbv.schluesseltabellen/-/@mii-termserv/de.kbv.schluesseltabellen-1.18.0-suts.2.tgz",
      "integrity": "sha1-/IQniwNNjmHyDR4MCxlv+TnUW5k="
    },
    "node_modules/@mii-termserv/de.medizininformatikinitiative.kerndatensatz.terminology.bildgebung": {
      "version": "2025.0.2-suts.1",
      "resolved": "https://gitlab.com/api/v4/projects/66755628/packages/npm/@mii-termserv/de.medizininformatikinitiative.kerndatensatz.terminology.bildgebung/-/@mii-termserv/de.medizininformatikinitiative.kerndatensatz.terminology.bildgebung-2025.0.2-suts.1.tgz",
      "integrity": "sha1-Vcoc0nc4+TH+vpFooczkiW13nus=",
      "dependencies": {
        "@mii-termserv/dicom.terminology": "^2024.5.19-suts",
        "@mii-termserv/hl7.fhir.r4.terminology": "^4.0.1-suts",
        "@mii-termserv/hl7.terminology.r4": "^5.4.0-suts",
        "@mii-termserv/loinc": ">=2024.10.11",
        "@mii-termserv/ontologies": ">=2025.2.11",
        "@mii-termserv/snomed-ct": ">=2025.1.1"
      }
    },
    "node_modules/@mii-termserv/de.medizininformatikinitiative.kerndatensatz.terminology.bill-of-materials": {
      "version": "2025.12.2",
      "resolved": "https://gitlab.com/api/v4/projects/61223336/packages/npm/@mii-termserv/de.medizininformatikinitiative.kerndatensatz.terminology.bill-of-materials/-/@mii-termserv/de.medizininformatikinitiative.kerndatensatz.terminology.bill-of-materials-2025.12.2.tgz",
      "integrity": "sha1-LQCTsOqQFIQuX7DUpsaCvfiIp70=",
      "dependencies": {
        "@mii-termserv/de.medizininformatikinitiative.kerndatensatz.terminology.bildgebung": "2025.0.2-suts.1",
        "@mii-termserv/de.medizininformatikinitiative.kerndatensatz.terminology.biobank": "2025.0.4-suts.1",
        "@mii-termserv/de.medizininformatikinitiative.kerndatensatz.terminology.consent": "2025.0.4-suts.2",
        "@mii-termserv/de.medizininformatikinitiative.kerndatensatz.terminology.diagnose": "2025.0.0-suts.1",
        "@mii-termserv/de.medizininformatikinitiative.kerndatensatz.terminology.fall": "2025.0.0-suts.1",
        "@mii-termserv/de.medizininformatikinitiative.kerndatensatz.terminology.icu": "2025.0.4-suts.1",
        "@mii-termserv/de.medizininformatikinitiative.kerndatensatz.terminology.laborbefund": "2025.0.2-suts.1",
        "@mii-termserv/de.medizininformatikinitiative.kerndatensatz.terminology.medikation": "2025.0.0-suts.4",
        "@mii-termserv/de.medizininformatikinitiative.kerndatensatz.terminology.meta": "2025.0.0-suts.1",
        "@mii-termserv/de.medizininformatikinitiative.kerndatensatz.terminology.mikrobiologie": "2025.0.1-suts.1",
        "@mii-termserv/de.medizininformatikinitiative.kerndatensatz.terminology.molgen": "2025.0.0-suts.2",
        "@mii-termserv/de.medizininformatikinitiative.kerndatensatz.terminology.onkologie": "2025.1.0-suts.3",
        "@mii-termserv/de.medizininformatikinitiative.kerndatensatz.terminology.patho": "2025.0.2-suts.1",
        "@mii-termserv/de.medizininformatikinitiative.kerndatensatz.terminology.person": "2025.0.0-suts.1",
        "@mii-termserv/de.medizininformatikinitiative.kerndatensatz.terminology.prozedur": "2025.0.0-suts.1"
      }
    },
    "node_modules/@mii-termserv/de.medizininformatikinitiative.kerndatensatz.terminology.biobank": {
      "version": "2025.0.4-suts.1",
      "resolved": "https://gitlab.com/api/v4/projects/60508042/packages/npm/@mii-termserv/de.medizininformatikinitiative.kerndatensatz.terminology.biobank/-/@mii-termserv/de.medizininformatikinitiative.kerndatensatz.terminology.biobank-2025.0.4-suts.1.tgz",
      "integrity": "sha1-aIsfqgTlzUdJT7dj82huJ6ihf3Y=",
      "dependencies": {
        "@mii-termserv/de.bfarm.icd-o-3": ">=2.0.0",
        "@mii-termserv/de.hl7.basisprofile.terminology": "^1.5.3-suts",
        "@mii-termserv/hl7.terminology.r4": "^5.4.0-suts",
        "@mii-termserv/org.unitsofmeasures": ">=2024.7.1",
        "@mii-termserv/snomed-ct": ">=2025.1.1"
      }
    },
    "node_modules/@mii-termserv/de.medizininformatikinitiative.kerndatensatz.terminology.consent": {
      "version": "2025.0.4-suts.2",
      "resolved": "https://gitlab.com/api/v4/projects/59290863/packages/npm/@mii-termserv/de.medizininformatikinitiative.kerndatensatz.terminology.consent/-/@mii-termserv/de.medizininformatikinitiative.kerndatensatz.terminology.consent-2025.0.4-suts.2.tgz",
      "integrity": "sha1-c3LQ8+jykwR62Xj1YY3q9BqldoU=",
      "dependencies": {
        "@mii-termserv/de.einwilligungsmanagement.terminology": "^2.0.1-suts"
      }
    },
    "node_modules/@mii-termserv/de.medizininformatikinitiative.kerndatensatz.terminology.diagnose": {
      "version": "2025.0.0-suts.1",
      "resolved": "https://gitlab.com/api/v4/projects/59283875/packages/npm/@mii-termserv/de.medizininformatikinitiative.kerndatensatz.terminology.diagnose/-/@mii-termserv/de.medizininformatikinitiative.kerndatensatz.terminology.diagnose-2025.0.0-suts.1.tgz",
      "integrity": "sha1-RYQOwDdCcbXfFMho+U5Ujaux1yc=",
      "dependencies": {
        "@mii-termserv/de.bfarm.alpha-id-se": ">=2025.0.0",
        "@mii-termserv/de.bfarm.icd-10-gm": ">=2025.0.0",
        "@mii-termserv/de.bfarm.icd-o-3": ">=2.0.0",
        "@mii-termserv/de.hl7.basisprofile.terminology": "^1.5.3-suts",
        "@mii-termserv/fr.inserm.orphanet.nomenclature": ">=2024.1.0",
        "@mii-termserv/snomed-ct": ">=2025.1.1"
      }
    },
    "node_modules/@mii-termserv/de.medizininformatikinitiative.kerndatensatz.terminology.fall": {
      "version": "2025.0.0-suts.1",
      "resolved": "https://gitlab.com/api/v4/projects/59285486/packages/npm/@mii-termserv/de.medizininformatikinitiative.kerndatensatz.terminology.fall/-/@mii-termserv/de.medizininformatikinitiative.kerndatensatz.terminology.fall-2025.0.0-suts.1.tgz",
      "integrity": "sha1-4JATmLAgiH6CAa0eYZfRo92lyRs=",
      "dependencies": {
        "@mii-termserv/de.hl7.basisprofile.terminology": "^1.5.3-suts",
        "@mii-termserv/hl7.fhir.r4.terminology": "^4.0.1-suts",
        "@mii-termserv/hl7.terminology.r4": "^5.4.0-suts"
      }
    },
    "node_modules/@mii-termserv/de.medizininformatikinitiative.kerndatensatz.terminology.icu": {
      "version": "2025.0.4-suts.1",
      "resolved": "https://gitlab.com/api/v4/projects/57256405/packages/npm/@mii-termserv/de.medizininformatikinitiative.kerndatensatz.terminology.icu/-/@mii-termserv/de.medizininformatikinitiative.kerndatensatz.terminology.icu-2025.0.4-suts.1.tgz",
      "integrity": "sha1-dU59s/PmHVhKvXpVkn6w7cRH0LY=",
      "dependencies": {
        "@mii-termserv/de.bfarm.ops": ">=2025.0.1",
        "@mii-termserv/de.gematik.isik-basismodul.terminology": "^4.0.3-suts",
        "@mii-termserv/de.gematik.isik-vitalparameter.terminology": "^4.0.2-suts",
        "@mii-termserv/de.hl7.basisprofile.terminology": "^1.5.3-suts",
        "@mii-termserv/de.medizininformatikinitiative.kerndatensatz.terminology.prozedur": ">=2025.0.0-suts",
        "@mii-termserv/hl7.fhir.r4.terminology": "^4.0.1-suts",
        "@mii-termserv/hl7.uv.subscriptions-backport.terminology": "^1.1.0-suts",
        "@mii-termserv/iso-ieee.11073-10101": ">=2023.9.20",
        "@mii-termserv/loinc": ">=2024.10.11",
        "@mii-termserv/org.unitsofmeasures": ">=2024.7.1",
        "@mii-termserv/snomed-ct": ">=2025.1.1"
      }
    },
    "node_modules/@mii-termserv/de.medizininformatikinitiative.kerndatensatz.terminology.laborbefund": {
      "version": "2025.0.2-suts.1",
      "resolved": "https://gitlab.com/api/v4/projects/59291234/packages/npm/@mii-termserv/de.medizininformatikinitiative.kerndatensatz.terminology.laborbefund/-/@mii-termserv/de.medizininformatikinitiative.kerndatensatz.terminology.laborbefund-2025.0.2-suts.1.tgz",
      "integrity": "sha1-tLreNx9wwyyKKDJcgquH8D4Nt2U=",
      "dependencies": {
        "@mii-termserv/de.hl7.basisprofile.terminology": "^1.5.3-suts",
        "@mii-termserv/de.medizininformatikinitiative.kerndatensatz.terminology.meta": "^2025.0.0-suts",
        "@mii-termserv/dicom.terminology": "^2024.5.19-suts",
        "@mii-termserv/hl7.uv.ips.terminology": "^1.1.0-suts",
        "@mii-termserv/loinc": ">=2024.10.11"
      }
    },
    "node_modules/@mii-termserv/de.medizininformatikinitiative.kerndatensatz.terminology.medikation": {
      "version": "2025.0.0-suts.4",
      "resolved": "https://gitlab.com/api/v4/projects/60485127/packages/npm/@mii-termserv/de.medizininformatikinitiative.kerndatensatz.terminology.medikation/-/@mii-termserv/de.medizininformatikinitiative.kerndatensatz.terminology.medikation-2025.0.0-suts.4.tgz",
      "integrity": "sha1-D7IO1qZHMgaeqPB2lblDf23KwRE=",
      "dependencies": {
        "@mii-termserv/cas.registry": ">=2024.7.23",
        "@mii-termserv/de.bfarm.ask": ">=2024.7.23",
        "@mii-termserv/de.bfarm.atc": ">=2025.0.0",
        "@mii-termserv/de.hl7.basisprofile.terminology": "^1.5.3-suts",
        "@mii-termserv/de.ihe-d.terminology": "^3.0.1-suts",
        "@mii-termserv/de.sutermserv.placeholders": ">=1.1.0",
        "@mii-termserv/eu.edqm.standardterms": ">=2025.7.15",
        "@mii-termserv/hl7.fhir.r4.terminology": "^4.0.1-suts",
        "@mii-termserv/hl7.terminology.r4": "^5.4.0-suts",
        "@mii-termserv/hl7.uv.ips.terminology": "^1.1.0-suts",
        "@mii-termserv/org.unitsofmeasures": ">=2024.7.1",
        "@mii-termserv/snomed-ct": ">=2025.1.1",
        "@mii-termserv/us.fda.unii": ">=2025.7.2"
      }
    },
    "node_modules/@mii-termserv/de.medizininformatikinitiative.kerndatensatz.terminology.meta": {
      "version": "2025.0.0-suts.1",
      "resolved": "https://gitlab.com/api/v4/projects/60503692/packages/npm/@mii-termserv/de.medizininformatikinitiative.kerndatensatz.terminology.meta/-/@mii-termserv/de.medizininformatikinitiative.kerndatensatz.terminology.meta-2025.0.0-suts.1.tgz",
      "integrity": "sha1-zy5DXTMcwUMnADju9S2+Lxqqc88="
    },
    "node_modules/@mii-termserv/de.medizininformatikinitiative.kerndatensatz.terminology.mikrobiologie": {
      "version": "2025.0.1-suts.1",
      "resolved": "https://gitlab.com/api/v4/projects/60509620/packages/npm/@mii-termserv/de.medizininformatikinitiative.kerndatensatz.terminology.mikrobiologie/-/@mii-termserv/de.medizininformatikinitiative.kerndatensatz.terminology.mikrobiologie-2025.0.1-suts.1.tgz",
      "integrity": "sha1-HOPz/cY76iHXxCdrV2w2Swj3T9A=",
      "dependencies": {
        "@mii-termserv/de.medizininformatikinitiative.kerndatensatz.terminology.laborbefund": "^2025.0.2-suts",
        "@mii-termserv/hl7.terminology.r4": "^5.4.0-suts",
        "@mii-termserv/loinc": ">=2025.3.11",
        "@mii-termserv/org.unitsofmeasures": ">=2024.7.1-suts",
        "@mii-termserv/snomed-ct": ">=2025.1.1"
      }
    },
    "node_modules/@mii-termserv/de.medizininformatikinitiative.kerndatensatz.terminology.molgen": {
      "version": "2025.0.0-suts.2",
      "resolved": "https://gitlab.com/api/v4/projects/60536342/packages/npm/@mii-termserv/de.medizininformatikinitiative.kerndatensatz.terminology.molgen/-/@mii-termserv/de.medizininformatikinitiative.kerndatensatz.terminology.molgen-2025.0.0-suts.2.tgz",
      "integrity": "sha1-YE9QW4uoMJBfPGniuAad+uTZEcA=",
      "dependencies": {
        "@mii-termserv/de.bfarm.alpha-id-se": ">=2025.0.0",
        "@mii-termserv/de.bfarm.icd-10-gm": ">=2025.0.0",
        "@mii-termserv/de.medizininformatikinitiative.kerndatensatz.terminology.diagnose": "^2025.0.0-suts",
        "@mii-termserv/fr.inserm.orphanet.nomenclature": ">=2024.1.0",
        "@mii-termserv/hl7.terminology.r4": "^5.4.0-suts",
        "@mii-termserv/hl7.uv.genomics-reporting.terminology": "^2.0.0-suts",
        "@mii-termserv/org.unitsofmeasures": ">=2024.7.1",
        "@mii-termserv/snomed-ct": ">=2025.1.1"
      }
    },
    "node_modules/@mii-termserv/de.medizininformatikinitiative.kerndatensatz.terminology.onkologie": {
      "version": "2025.1.0-suts.3",
      "resolved": "https://gitlab.com/api/v4/projects/67991355/packages/npm/@mii-termserv/de.medizininformatikinitiative.kerndatensatz.terminology.onkologie/-/@mii-termserv/de.medizininformatikinitiative.kerndatensatz.terminology.onkologie-2025.1.0-suts.3.tgz",
      "integrity": "sha1-m8Wb0jCzMiPPWRg2k6ZjH3h7NBg=",
      "dependencies": {
        "@mii-termserv/de.bfarm.icd-10-gm": ">=2025.0.0",
        "@mii-termserv/de.bfarm.icd-o-3": ">=2.0.0",
        "@mii-termserv/de.bfarm.ops": ">=2025.0.1",
        "@mii-termserv/de.sutermserv.placeholders": ">=1.1.0",
        "@mii-termserv/hl7.fhir.r4.terminology": "^4.0.1-suts",
        "@mii-termserv/hl7.terminology.r4": "^5.4.0-suts",
        "@mii-termserv/loinc": ">=2025.3.11",
        "@mii-termserv/org.unitsofmeasures": ">=2024.7.1",
        "@mii-termserv/snomed-ct": ">=2025.1.1"
      }
    },
    "node_modules/@mii-termserv/de.medizininformatikinitiative.kerndatensatz.terminology.patho": {
      "version": "2025.0.2-suts.1",
      "resolved": "https://gitlab.com/api/v4/projects/60536656/packages/npm/@mii-termserv/de.medizininformatikinitiative.kerndatensatz.terminology.patho/-/@mii-termserv/de.medizininformatikinitiative.kerndatensatz.terminology.patho-2025.0.2-suts.1.tgz",
      "integrity": "sha1-vKMS0tzriTY4KYtCCBdYiRM708Q=",
      "dependencies": {
        "@mii-termserv/de.medizininformatikinitiative.kerndatensatz.terminology.biobank": "^2025.0.4-suts",
        "@mii-termserv/hl7.terminology.r4": "^5.4.0-suts",
        "@mii-termserv/loinc": ">=2024.3.11",
        "@mii-termserv/org.unitsofmeasures": ">=2024.7.1",
        "@mii-termserv/snomed-ct": ">=2025.1.1"
      }
    },
    "node_modules/@mii-termserv/de.medizininformatikinitiative.kerndatensatz.terminology.person": {
      "version": "2025.0.0-suts.1",
      "resolved": "https://gitlab.com/api/v4/projects/57582280/packages/npm/@mii-termserv/de.medizininformatikinitiative.kerndatensatz.terminology.person/-/@mii-termserv/de.medizininformatikinitiative.kerndatensatz.terminology.person-2025.0.0-suts.1.tgz",
      "integrity": "sha1-daLJEVl9AorhywCdCPMEd1MWxK0=",
      "dependencies": {
        "@mii-termserv/de.bfarm.icd-10-who": ">=2019.0.0",
        "@mii-termserv/de.hl7.basisprofile.terminology": "^1.5.3-suts",
        "@mii-termserv/hl7.fhir.r4.terminology": "^4.0.1-suts",
        "@mii-termserv/loinc": ">=2024.8.27",
        "@mii-termserv/snomed-ct": ">=2025.1.1"
      }
    },
    "node_modules/@mii-termserv/de.medizininformatikinitiative.kerndatensatz.terminology.prozedur": {
      "version": "2025.0.0-suts.1",
      "resolved": "https://gitlab.com/api/v4/projects/59282859/packages/npm/@mii-termserv/de.medizininformatikinitiative.kerndatensatz.terminology.prozedur/-/@mii-termserv/de.medizininformatikinitiative.kerndatensatz.terminology.prozedur-2025.0.0-suts.1.tgz",
      "integrity": "sha1-QCfEvoGBcZ5uH6mFpGEjkcB0KqE=",
      "dependencies": {
        "@mii-termserv/de.bfarm.ops": ">=2025.0.0",
        "@mii-termserv/de.hl7.basisprofile.terminology": "^1.5.3-suts",
        "@mii-termserv/snomed-ct": ">=2025.1.1"
      }
    },
    "node_modules/@mii-termserv/de.sutermserv.misc-resources": {
      "version": "1.0.0",
      "resolved": "https://gitlab.com/api/v4/projects/61210909/packages/npm/@mii-termserv/de.sutermserv.misc-resources/-/@mii-termserv/de.sutermserv.misc-resources-1.0.0.tgz",
      "integrity": "sha1-Es6V2dDWURfHM9Q69ZRYaf0rPso="
    },
    "node_modules/@mii-termserv/de.sutermserv.placeholders": {
      "version": "1.1.0",
      "resolved": "https://gitlab.com/api/v4/projects/59462661/packages/npm/@mii-termserv/de.sutermserv.placeholders/-/@mii-termserv/de.sutermserv.placeholders-1.1.0.tgz",
      "integrity": "sha1-TCsZme1Q6X9zazGYKpqIwQEMuGQ="
    },
    "node_modules/@mii-termserv/dicom.terminology": {
      "version": "2024.5.19-suts.2",
      "resolved": "https://gitlab.com/api/v4/projects/59026310/packages/npm/@mii-termserv/dicom.terminology/-/@mii-termserv/dicom.terminology-2024.5.19-suts.2.tgz",
      "integrity": "sha1-oosElhIoZ+yiIn/R8uh/Pn5V7b0=",
      "dependencies": {
        "@mii-termserv/iso-ieee.11073-10101": ">=2023.9.20",
        "@mii-termserv/org.unitsofmeasures": ">=2024.7.1"
      }
    },
    "node_modules/@mii-termserv/eu.edqm.standardterms": {
      "version": "2025.7.15",
      "resolved": "https://gitlab.com/api/v4/projects/59726112/packages/npm/@mii-termserv/eu.edqm.standardterms/-/@mii-termserv/eu.edqm.standardterms-2025.7.15.tgz",
      "integrity": "sha1-r2sAIJ9vGMAg5nEQ5EZWex07ocU="
    },
    "node_modules/@mii-termserv/fr.inserm.orphanet.nomenclature": {
      "version": "2025.0.2",
      "resolved": "https://gitlab.com/api/v4/projects/59951069/packages/npm/@mii-termserv/fr.inserm.orphanet.nomenclature/-/@mii-termserv/fr.inserm.orphanet.nomenclature-2025.0.2.tgz",
      "integrity": "sha1-hQAUNCmkoCmOXSDQrlfAezK8CIw="
    },
    "node_modules/@mii-termserv/hl7.fhir.r4.terminology": {
      "version": "4.0.1-suts.5",
      "resolved": "https://gitlab.com/api/v4/projects/61061120/packages/npm/@mii-termserv/hl7.fhir.r4.terminology/-/@mii-termserv/hl7.fhir.r4.terminology-4.0.1-suts.5.tgz",
      "integrity": "sha1-tSJ1smOwsGx77ARacn9AkQzzIus=",
      "dependencies": {
        "@mii-termserv/dicom.terminology": ">=2024.5.19-suts",
        "@mii-termserv/hl7.terminology.r4": "^5.4.0-suts",
        "@mii-termserv/ihe.formatcodes": "^1.4.0-suts",
        "@mii-termserv/iso-ieee.11073-10101": ">=2023.9.20",
        "@mii-termserv/org.genenames": ">=2024.7.2"
      }
    },
    "node_modules/@mii-termserv/hl7.terminology.r4": {
      "version": "5.4.0-suts.5",
      "resolved": "https://gitlab.com/api/v4/projects/61093356/packages/npm/@mii-termserv/hl7.terminology.r4/-/@mii-termserv/hl7.terminology.r4-5.4.0-suts.5.tgz",
      "integrity": "sha1-hpn+IwoPEwUjZWHlIXvywSTXmys=",
      "dependencies": {
        "@mii-termserv/de.sutermserv.misc-resources": ">=1.0.0",
        "@mii-termserv/iso.country-codes": ">=2024.7.31"
      }
    },
    "node_modules/@mii-termserv/hl7.uv.genomics-reporting.terminology": {
      "version": "2.0.0-suts.5",
      "resolved": "https://gitlab.com/api/v4/projects/60223793/packages/npm/@mii-termserv/hl7.uv.genomics-reporting.terminology/-/@mii-termserv/hl7.uv.genomics-reporting.terminology-2.0.0-suts.5.tgz",
      "integrity": "sha1-f4C+ppYFLekrEQKLBY17lsREnQU=",
      "dependencies": {
        "@mii-termserv/de.sutermserv.placeholders": ">=1.1.0",
        "@mii-termserv/hl7.fhir.r4.terminology": "^4.0.1-suts",
        "@mii-termserv/ontologies": ">=2025.9.9",
        "@mii-termserv/org.genenames": ">=2025.7.4"
      }
    },
    "node_modules/@mii-termserv/hl7.uv.ips.terminology": {
      "version": "1.1.0-suts.5",
      "resolved": "https://gitlab.com/api/v4/projects/59292188/packages/npm/@mii-termserv/hl7.uv.ips.terminology/-/@mii-termserv/hl7.uv.ips.terminology-1.1.0-suts.5.tgz",
      "integrity": "sha1-GmyGsW6mXFg3YjEIDFmyvBprGDw=",
      "dependencies": {
        "@mii-termserv/de.sutermserv.placeholders": ">=1.1.0",
        "@mii-termserv/dicom.terminology": ">=2024.5.19-suts",
        "@mii-termserv/hl7.fhir.r4.terminology": "^4.0.1-suts",
        "@mii-termserv/hl7.terminology.r4": "^5.4.0-suts",
        "@mii-termserv/loinc": ">=2024.8.0",
        "@mii-termserv/snomed-ct": ">=2024.8.0"
      }
    },
    "node_modules/@mii-termserv/hl7.uv.subscriptions-backport.terminology": {
      "version": "1.1.0-suts.1",
      "resolved": "https://gitlab.com/api/v4/projects/69783858/packages/npm/@mii-termserv/hl7.uv.subscriptions-backport.terminology/-/@mii-termserv/hl7.uv.subscriptions-backport.terminology-1.1.0-suts.1.tgz",
      "integrity": "sha1-03Qa4FPNLP6Fid6oOBfeJ3M5Bes="
    },
    "node_modules/@mii-termserv/ihe.formatcodes": {
      "version": "1.4.0-suts.1",
      "resolved": "https://gitlab.com/api/v4/projects/59025522/packages/npm/@mii-termserv/ihe.formatcodes/-/@mii-termserv/ihe.formatcodes-1.4.0-suts.1.tgz",
      "integrity": "sha1-qEWjXCejOWfbghzb5UEvAIVVWKc=",
      "dependencies": {
        "@mii-termserv/dicom.terminology": ">=2024.5.19-suts"
      }
    },
    "node_modules/@mii-termserv/iso-ieee.11073-10101": {
      "version": "2024.12.5",
      "resolved": "https://gitlab.com/api/v4/projects/57866495/packages/npm/@mii-termserv/iso-ieee.11073-10101/-/@mii-termserv/iso-ieee.11073-10101-2024.12.5.tgz",
      "integrity": "sha1-V/xVLrIwdhHKrjikIsCXg6D6UvY="
    },
    "node_modules/@mii-termserv/iso.country-codes": {
      "version": "2024.7.31",
      "resolved": "https://gitlab.com/api/v4/projects/66405148/packages/npm/@mii-termserv/iso.country-codes/-/@mii-termserv/iso.country-codes-2024.7.31.tgz",
      "integrity": "sha1-hAxgt5brpJIJe0ObnTTvX98XtRg="
    },
    "node_modules/@mii-termserv/loinc": {
      "version": "2025.12.5",
      "resolved": "https://gitlab.com/api/v4/projects/57841883/packages/npm/@mii-termserv/loinc/-/@mii-termserv/loinc-2025.12.5.tgz",
      "integrity": "sha1-ejoP7q7iLAN+U0DrUt8Wr8ZnLKc="
    },
    "node_modules/@mii-termserv/ontologies": {
      "version": "2025.9.9",
      "resolved": "https://gitlab.com/api/v4/projects/66312958/packages/npm/@mii-termserv/ontologies/-/@mii-termserv/ontologies-2025.9.9.tgz",
      "integrity": "sha1-SJOU2ihYWRmJIWf9rSVp3Kr4uyk="
    },
    "node_modules/@mii-termserv/org.genenames": {
      "version": "2025.7.4",
      "resolved": "https://gitlab.com/api/v4/projects/60999294/packages/npm/@mii-termserv/org.genenames/-/@mii-termserv/org.genenames-2025.7.4.tgz",
      "integrity": "sha1-iK2j9kkuqcGqxs9nUWeaQMHURDc="
    },
    "node_modules/@mii-termserv/org.unitsofmeasures": {
      "version": "2024.7.1",
      "resolved": "https://gitlab.com/api/v4/projects/59457546/packages/npm/@mii-termserv/org.unitsofmeasures/-/@mii-termserv/org.unitsofmeasures-2024.7.1.tgz",
      "integrity": "sha1-172DlVbschzk+3vmme3SqQRl32k="
    },
    "node_modules/@mii-termserv/snomed-ct": {
      "version": "2025.11.15",
      "resolved": "https://gitlab.com/api/v4/projects/57841874/packages/npm/@mii-termserv/snomed-ct/-/@mii-termserv/snomed-ct-2025.11.15.tgz",
      "integrity": "sha1-BRk06N19npjOH2RMYH1VyqIMhyY="
    },
    "node_modules/@mii-termserv/us.fda.unii": {
      "version": "2025.7.2",
      "resolved": "https://gitlab.com/api/v4/projects/60507584/packages/npm/@mii-termserv/us.fda.unii/-/@mii-termserv/us.fda.unii-2025.7.2.tgz",
      "integrity": "sha1-NGTgAunt8YoEw5A6omwHnRDt/+U="
    }
  }
}
