{
  "name": "value-set-expand",
  "lockfileVersion": 3,
  "requires": true,
  "packages": {
    "": {
      "dependencies": {
        "@mii-termserv/de.medizininformatikinitiative.kerndatensatz.terminology.bill-of-materials": "^2024.12.31"
      }
    },
    "node_modules/@mii-termserv/cas.registry": {
      "version": "2024.4.18",
      "resolved": "https://gitlab.com/api/v4/projects/60485091/packages/npm/@mii-termserv/cas.registry/-/@mii-termserv/cas.registry-2024.4.18.tgz",
      "integrity": "sha1-+quzMVGGGY0Ze0CvyMq23Ka0Xgg="
    },
    "node_modules/@mii-termserv/de.bfarm.alpha-id-se": {
      "version": "2025.0.0",
      "resolved": "https://gitlab.com/api/v4/projects/57608808/packages/npm/@mii-termserv/de.bfarm.alpha-id-se/-/@mii-termserv/de.bfarm.alpha-id-se-2025.0.0.tgz",
      "integrity": "sha1-4t1jmABCAT5ZHoUm52X90YAPfz8="
    },
    "node_modules/@mii-termserv/de.bfarm.ask": {
      "version": "2024.7.23",
      "resolved": "https://gitlab.com/api/v4/projects/59273210/packages/npm/@mii-termserv/de.bfarm.ask/-/@mii-termserv/de.bfarm.ask-2024.7.23.tgz",
      "integrity": "sha1-v9aThV9XiJ9MAM8rxvlUxOdzr/M="
    },
    "node_modules/@mii-termserv/de.bfarm.atc": {
      "version": "2024.0.0",
      "resolved": "https://gitlab.com/api/v4/projects/57874332/packages/npm/@mii-termserv/de.bfarm.atc/-/@mii-termserv/de.bfarm.atc-2024.0.0.tgz",
      "integrity": "sha1-vxfZ7yjTaGlo4UcOHcGMI3kPuuQ="
    },
    "node_modules/@mii-termserv/de.bfarm.icd-10-gm": {
      "version": "2025.0.0",
      "resolved": "https://gitlab.com/api/v4/projects/57608725/packages/npm/@mii-termserv/de.bfarm.icd-10-gm/-/@mii-termserv/de.bfarm.icd-10-gm-2025.0.0.tgz",
      "integrity": "sha1-Iomn5TtQ4ohSo3VufXwWm2qyMnw="
    },
    "node_modules/@mii-termserv/de.bfarm.icd-10-who": {
      "version": "2019.0.0",
      "resolved": "https://gitlab.com/api/v4/projects/57608845/packages/npm/@mii-termserv/de.bfarm.icd-10-who/-/@mii-termserv/de.bfarm.icd-10-who-2019.0.0.tgz",
      "integrity": "sha1-iEhVXZ5v+d/aYBFvBzO07wH9Rzk="
    },
    "node_modules/@mii-termserv/de.bfarm.icd-o-3": {
      "version": "2.0.0",
      "resolved": "https://gitlab.com/api/v4/projects/57608824/packages/npm/@mii-termserv/de.bfarm.icd-o-3/-/@mii-termserv/de.bfarm.icd-o-3-2.0.0.tgz",
      "integrity": "sha1-OPdT/5ahsN8kUo2m0+UnFFT243U="
    },
    "node_modules/@mii-termserv/de.bfarm.ops": {
      "version": "2025.0.0",
      "resolved": "https://gitlab.com/api/v4/projects/57608812/packages/npm/@mii-termserv/de.bfarm.ops/-/@mii-termserv/de.bfarm.ops-2025.0.0.tgz",
      "integrity": "sha1-ABvLwb2so9FZvA4J2wQlSH6we7s="
    },
    "node_modules/@mii-termserv/de.einwilligungsmanagement.terminology": {
      "version": "1.0.1-suts.1",
      "resolved": "https://gitlab.com/api/v4/projects/60269034/packages/npm/@mii-termserv/de.einwilligungsmanagement.terminology/-/@mii-termserv/de.einwilligungsmanagement.terminology-1.0.1-suts.1.tgz",
      "integrity": "sha1-7pMWO8iTCPETQVWJvfm3BUs/m3s=",
      "dependencies": {
        "@mii-termserv/de.hl7.basisprofile.terminology": "^1.4.0-suts",
        "@mii-termserv/hl7.fhir.r4.terminology": "^4.0.1-suts",
        "@mii-termserv/hl7.terminology.r4": "^5.4.0-suts"
      }
    },
    "node_modules/@mii-termserv/de.hl7.basisprofile.terminology": {
      "version": "1.4.0-suts.2",
      "resolved": "https://gitlab.com/api/v4/projects/55987678/packages/npm/@mii-termserv/de.hl7.basisprofile.terminology/-/@mii-termserv/de.hl7.basisprofile.terminology-1.4.0-suts.2.tgz",
      "integrity": "sha1-k+cUPG9+TsQOj4OxnnffepyrPGk=",
      "dependencies": {
        "@mii-termserv/de.bfarm.alpha-id-se": ">=2024.0.0",
        "@mii-termserv/de.bfarm.ask": ">=2024.4.18",
        "@mii-termserv/de.bfarm.atc": ">=2024.0.0",
        "@mii-termserv/de.bfarm.icd-10-gm": ">=2024.0.0",
        "@mii-termserv/de.bfarm.ops": ">=2024.0.0",
        "@mii-termserv/de.ihe-d.terminology": "^3.0.0-suts",
        "@mii-termserv/de.kbv.basis.terminology": ">=1.6.0-suts",
        "@mii-termserv/de.kbv.ita.for": ">=1.1.0-suts",
        "@mii-termserv/de.kbv.schluesseltabellen": ">=1.2.0-suts",
        "@mii-termserv/de.sutermserv.placeholders": ">=1.0.0",
        "@mii-termserv/hl7.fhir.r4.terminology": "^4.0.1-suts",
        "@mii-termserv/hl7.terminology.r4": "^5.4.0-suts"
      }
    },
    "node_modules/@mii-termserv/de.ihe-d.terminology": {
      "version": "3.0.0-suts.1",
      "resolved": "https://gitlab.com/api/v4/projects/57906441/packages/npm/@mii-termserv/de.ihe-d.terminology/-/@mii-termserv/de.ihe-d.terminology-3.0.0-suts.1.tgz",
      "integrity": "sha1-OVHWOdMPg1vL2xMEH/KkKOKZSIg=",
      "dependencies": {
        "@mii-termserv/hl7.terminology.r4": "^5.4.0-suts",
        "@mii-termserv/ihe.formatcodes": "^1.3.0-suts"
      }
    },
    "node_modules/@mii-termserv/de.kbv.basis.terminology": {
      "version": "1.6.0-suts.2",
      "resolved": "https://gitlab.com/api/v4/projects/59772971/packages/npm/@mii-termserv/de.kbv.basis.terminology/-/@mii-termserv/de.kbv.basis.terminology-1.6.0-suts.2.tgz",
      "integrity": "sha1-H5xcpyhVfJ1yOjKRcQv2mcb1CEQ=",
      "dependencies": {
        "@mii-termserv/de.bfarm.ask": ">=2024.4.18",
        "@mii-termserv/de.bfarm.atc": ">=2024.0.0",
        "@mii-termserv/de.bfarm.ops": ">=2024.0.0",
        "@mii-termserv/de.ihe-d.terminology": "^3.0.0-suts",
        "@mii-termserv/de.sutermserv.placeholders": ">=1.0.0",
        "@mii-termserv/dicom.terminology": ">=2024.5.19-suts",
        "@mii-termserv/eu.edqm.standardterms": ">=2024.0.0",
        "@mii-termserv/hl7.fhir.r4.terminology": "^4.0.1-suts",
        "@mii-termserv/loinc": ">=2024.5.16",
        "@mii-termserv/org.unitsofmeasures": ">=2024.7.1",
        "@mii-termserv/snomed-ct": ">=2024.7.31"
      }
    },
    "node_modules/@mii-termserv/de.kbv.ita.for": {
      "version": "1.1.0-suts.1",
      "resolved": "https://gitlab.com/api/v4/projects/59776824/packages/npm/@mii-termserv/de.kbv.ita.for/-/@mii-termserv/de.kbv.ita.for-1.1.0-suts.1.tgz",
      "integrity": "sha1-cqI1SKYLOv9sYPONcnbTHmKl+c4="
    },
    "node_modules/@mii-termserv/de.kbv.schluesseltabellen": {
      "version": "1.2.0-suts.1",
      "resolved": "https://gitlab.com/api/v4/projects/57873077/packages/npm/@mii-termserv/de.kbv.schluesseltabellen/-/@mii-termserv/de.kbv.schluesseltabellen-1.2.0-suts.1.tgz",
      "integrity": "sha1-O8tWvKF7Xc24AlqFTh/oU7Oj7Dc="
    },
    "node_modules/@mii-termserv/de.medizininformatikinitiative.kerndatensatz.terminology.bill-of-materials": {
      "version": "2024.12.31",
      "resolved": "https://gitlab.com/api/v4/projects/61223336/packages/npm/@mii-termserv/de.medizininformatikinitiative.kerndatensatz.terminology.bill-of-materials/-/@mii-termserv/de.medizininformatikinitiative.kerndatensatz.terminology.bill-of-materials-2024.12.31.tgz",
      "integrity": "sha1-iNKGdblIQiA3JJwW6HxxW5wJGTI=",
      "dependencies": {
        "@mii-termserv/de.medizininformatikinitiative.kerndatensatz.terminology.biobank": "1.0.8-suts.2",
        "@mii-termserv/de.medizininformatikinitiative.kerndatensatz.terminology.consent": "1.0.7-suts.1",
        "@mii-termserv/de.medizininformatikinitiative.kerndatensatz.terminology.diagnose": "2024.0.0-suts.2",
        "@mii-termserv/de.medizininformatikinitiative.kerndatensatz.terminology.fall": "2024.0.1-suts.1",
        "@mii-termserv/de.medizininformatikinitiative.kerndatensatz.terminology.icu": "1.0.0-suts.2",
        "@mii-termserv/de.medizininformatikinitiative.kerndatensatz.terminology.labor": "1.0.6-suts.2",
        "@mii-termserv/de.medizininformatikinitiative.kerndatensatz.terminology.medikation": "2.0.0-suts.2",
        "@mii-termserv/de.medizininformatikinitiative.kerndatensatz.terminology.meta": "1.0.3-suts.1",
        "@mii-termserv/de.medizininformatikinitiative.kerndatensatz.terminology.mikrobiologie": "2024.0.0-suts.2",
        "@mii-termserv/de.medizininformatikinitiative.kerndatensatz.terminology.molgen": "1.0.0-suts.2",
        "@mii-termserv/de.medizininformatikinitiative.kerndatensatz.terminology.patho": "1.0.0-suts.2",
        "@mii-termserv/de.medizininformatikinitiative.kerndatensatz.terminology.person": "2024.0.0-suts.2",
        "@mii-termserv/de.medizininformatikinitiative.kerndatensatz.terminology.prozedur": "2024.0.0-suts.2"
      }
    },
    "node_modules/@mii-termserv/de.medizininformatikinitiative.kerndatensatz.terminology.biobank": {
      "version": "1.0.8-suts.2",
      "resolved": "https://gitlab.com/api/v4/projects/60508042/packages/npm/@mii-termserv/de.medizininformatikinitiative.kerndatensatz.terminology.biobank/-/@mii-termserv/de.medizininformatikinitiative.kerndatensatz.terminology.biobank-1.0.8-suts.2.tgz",
      "integrity": "sha1-xpn4oz4J6FMXl1ra8sD58V5QOFo=",
      "dependencies": {
        "@mii-termserv/de.bfarm.icd-o-3": ">=2.0.0",
        "@mii-termserv/de.hl7.basisprofile.terminology": "^1.4.0-suts",
        "@mii-termserv/hl7.terminology.r4": "^5.4.0-suts",
        "@mii-termserv/org.unitsofmeasures": ">=2024.7.1",
        "@mii-termserv/snomed-ct": ">=2024.7.31"
      }
    },
    "node_modules/@mii-termserv/de.medizininformatikinitiative.kerndatensatz.terminology.consent": {
      "version": "1.0.7-suts.1",
      "resolved": "https://gitlab.com/api/v4/projects/59290863/packages/npm/@mii-termserv/de.medizininformatikinitiative.kerndatensatz.terminology.consent/-/@mii-termserv/de.medizininformatikinitiative.kerndatensatz.terminology.consent-1.0.7-suts.1.tgz",
      "integrity": "sha1-upulR7iDopFPXeMxCDwxyJjVgyI=",
      "dependencies": {
        "@mii-termserv/de.einwilligungsmanagement.terminology": "^1.0.1-suts",
        "@mii-termserv/de.hl7.basisprofile.terminology": "^1.4.0-suts"
      }
    },
    "node_modules/@mii-termserv/de.medizininformatikinitiative.kerndatensatz.terminology.diagnose": {
      "version": "2024.0.0-suts.2",
      "resolved": "https://gitlab.com/api/v4/projects/59283875/packages/npm/@mii-termserv/de.medizininformatikinitiative.kerndatensatz.terminology.diagnose/-/@mii-termserv/de.medizininformatikinitiative.kerndatensatz.terminology.diagnose-2024.0.0-suts.2.tgz",
      "integrity": "sha1-B0lwfpepnZIb0zpcfuN4xPU/HEw=",
      "dependencies": {
        "@mii-termserv/de.bfarm.alpha-id-se": ">=2024.0.0",
        "@mii-termserv/de.bfarm.icd-10-gm": ">=2024.0.0",
        "@mii-termserv/de.bfarm.icd-o-3": ">=2.0.0",
        "@mii-termserv/de.hl7.basisprofile.terminology": "^1.4.0-suts",
        "@mii-termserv/fr.inserm.orphanet.nomenclature": ">=2023.0.0",
        "@mii-termserv/snomed-ct": ">=2024.8.27"
      }
    },
    "node_modules/@mii-termserv/de.medizininformatikinitiative.kerndatensatz.terminology.fall": {
      "version": "2024.0.1-suts.1",
      "resolved": "https://gitlab.com/api/v4/projects/59285486/packages/npm/@mii-termserv/de.medizininformatikinitiative.kerndatensatz.terminology.fall/-/@mii-termserv/de.medizininformatikinitiative.kerndatensatz.terminology.fall-2024.0.1-suts.1.tgz",
      "integrity": "sha1-1QCmBy8a+aUarJNngq8kHOrVaRw=",
      "dependencies": {
        "@mii-termserv/de.hl7.basisprofile.terminology": "^1.4.0-suts",
        "@mii-termserv/hl7.fhir.r4.terminology": "^4.0.1-suts",
        "@mii-termserv/hl7.terminology.r4": "^5.4.0-suts"
      }
    },
    "node_modules/@mii-termserv/de.medizininformatikinitiative.kerndatensatz.terminology.icu": {
      "version": "1.0.0-suts.2",
      "resolved": "https://gitlab.com/api/v4/projects/57256405/packages/npm/@mii-termserv/de.medizininformatikinitiative.kerndatensatz.terminology.icu/-/@mii-termserv/de.medizininformatikinitiative.kerndatensatz.terminology.icu-1.0.0-suts.2.tgz",
      "integrity": "sha1-IY1x9YC4tCmZCL8Dhb91toPyJfM=",
      "dependencies": {
        "@mii-termserv/hl7.fhir.r4.terminology": "^4.0.1-suts",
        "@mii-termserv/iso-ieee.11073-10101": ">=2023.9.20",
        "@mii-termserv/loinc": ">=2024.8.27",
        "@mii-termserv/org.unitsofmeasures": ">=2024.7.1",
        "@mii-termserv/snomed-ct": ">=2024.8.27"
      }
    },
    "node_modules/@mii-termserv/de.medizininformatikinitiative.kerndatensatz.terminology.labor": {
      "version": "1.0.6-suts.2",
      "resolved": "https://gitlab.com/api/v4/projects/59291234/packages/npm/@mii-termserv/de.medizininformatikinitiative.kerndatensatz.terminology.labor/-/@mii-termserv/de.medizininformatikinitiative.kerndatensatz.terminology.labor-1.0.6-suts.2.tgz",
      "integrity": "sha1-yS7AXXKokUTt3vikNHueK9cD5C8=",
      "dependencies": {
        "@mii-termserv/de.hl7.basisprofile.terminology": "^1.4.0-suts",
        "@mii-termserv/hl7.uv.ips.terminology": "^1.1.0-suts",
        "@mii-termserv/loinc": ">=2024.8.27"
      }
    },
    "node_modules/@mii-termserv/de.medizininformatikinitiative.kerndatensatz.terminology.medikation": {
      "version": "2.0.0-suts.2",
      "resolved": "https://gitlab.com/api/v4/projects/60485127/packages/npm/@mii-termserv/de.medizininformatikinitiative.kerndatensatz.terminology.medikation/-/@mii-termserv/de.medizininformatikinitiative.kerndatensatz.terminology.medikation-2.0.0-suts.2.tgz",
      "integrity": "sha1-LP4BtZS7V/AM4PJJtvOU+eOqzeo=",
      "dependencies": {
        "@mii-termserv/cas.registry": ">=2024.4.18",
        "@mii-termserv/de.bfarm.ask": ">=2024.4.18",
        "@mii-termserv/de.bfarm.atc": ">=2024.0.0",
        "@mii-termserv/de.hl7.basisprofile.terminology": "^1.4.0-suts",
        "@mii-termserv/de.ihe-d.terminology": "^3.0.0-suts",
        "@mii-termserv/de.sutermserv.placeholders": ">=1.0.0",
        "@mii-termserv/eu.edqm.standardterms": ">=2024.0.0",
        "@mii-termserv/hl7.fhir.r4.terminology": "^4.0.1-suts",
        "@mii-termserv/hl7.terminology.r4": "^5.4.0-suts",
        "@mii-termserv/hl7.uv.ips.terminology": "^1.1.0-suts",
        "@mii-termserv/org.unitsofmeasures": ">=2024.7.1",
        "@mii-termserv/snomed-ct": ">=2024.8.27",
        "@mii-termserv/us.fda.unii": ">=2024.6.22"
      }
    },
    "node_modules/@mii-termserv/de.medizininformatikinitiative.kerndatensatz.terminology.meta": {
      "version": "1.0.3-suts.1",
      "resolved": "https://gitlab.com/api/v4/projects/60503692/packages/npm/@mii-termserv/de.medizininformatikinitiative.kerndatensatz.terminology.meta/-/@mii-termserv/de.medizininformatikinitiative.kerndatensatz.terminology.meta-1.0.3-suts.1.tgz",
      "integrity": "sha1-4alV4hnU3uLn6ACcHQhxnNkdXDw="
    },
    "node_modules/@mii-termserv/de.medizininformatikinitiative.kerndatensatz.terminology.mikrobiologie": {
      "version": "2024.0.0-suts.2",
      "resolved": "https://gitlab.com/api/v4/projects/60509620/packages/npm/@mii-termserv/de.medizininformatikinitiative.kerndatensatz.terminology.mikrobiologie/-/@mii-termserv/de.medizininformatikinitiative.kerndatensatz.terminology.mikrobiologie-2024.0.0-suts.2.tgz",
      "integrity": "sha1-qZxEtXrJ4qFQxD8lXAKNc2/EARw=",
      "dependencies": {
        "@mii-termserv/de.medizininformatikinitiative.kerndatensatz.terminology.labor": "^1.0.6-suts",
        "@mii-termserv/hl7.terminology.r4": "^5.4.0-suts",
        "@mii-termserv/loinc": ">=2024.8.27",
        "@mii-termserv/org.unitsofmeasures": ">=2024.7.1-suts",
        "@mii-termserv/snomed-ct": ">=2024.8.27"
      }
    },
    "node_modules/@mii-termserv/de.medizininformatikinitiative.kerndatensatz.terminology.molgen": {
      "version": "1.0.0-suts.2",
      "resolved": "https://gitlab.com/api/v4/projects/60536342/packages/npm/@mii-termserv/de.medizininformatikinitiative.kerndatensatz.terminology.molgen/-/@mii-termserv/de.medizininformatikinitiative.kerndatensatz.terminology.molgen-1.0.0-suts.2.tgz",
      "integrity": "sha1-PnpM+ibc+a8f4qnQqoJyMtsiYp8=",
      "dependencies": {
        "@mii-termserv/de.bfarm.alpha-id-se": ">=2024.0.0",
        "@mii-termserv/de.bfarm.icd-10-gm": ">=2024.0.0",
        "@mii-termserv/de.medizininformatikinitiative.kerndatensatz.terminology.diagnose": "^2024.0.0-suts",
        "@mii-termserv/fr.inserm.orphanet.nomenclature": ">=2023.0.0",
        "@mii-termserv/hl7.terminology.r4": "^5.4.0-suts",
        "@mii-termserv/hl7.uv.genomics-reporting.terminology": "^2.0.0-suts",
        "@mii-termserv/org.unitsofmeasures": ">=2024.7.1",
        "@mii-termserv/snomed-ct": ">=2024.8.27"
      }
    },
    "node_modules/@mii-termserv/de.medizininformatikinitiative.kerndatensatz.terminology.patho": {
      "version": "1.0.0-suts.2",
      "resolved": "https://gitlab.com/api/v4/projects/60536656/packages/npm/@mii-termserv/de.medizininformatikinitiative.kerndatensatz.terminology.patho/-/@mii-termserv/de.medizininformatikinitiative.kerndatensatz.terminology.patho-1.0.0-suts.2.tgz",
      "integrity": "sha1-ESDSky7MtAMCRvVO3qIOU/BGdLs=",
      "dependencies": {
        "@mii-termserv/de.medizininformatikinitiative.kerndatensatz.terminology.biobank": "^1.0.8-suts",
        "@mii-termserv/hl7.terminology.r4": "^5.4.0-suts",
        "@mii-termserv/loinc": ">=2024.8.27",
        "@mii-termserv/org.unitsofmeasures": ">=2024.7.1",
        "@mii-termserv/snomed-ct": ">=2024.8.27"
      }
    },
    "node_modules/@mii-termserv/de.medizininformatikinitiative.kerndatensatz.terminology.person": {
      "version": "2024.0.0-suts.2",
      "resolved": "https://gitlab.com/api/v4/projects/57582280/packages/npm/@mii-termserv/de.medizininformatikinitiative.kerndatensatz.terminology.person/-/@mii-termserv/de.medizininformatikinitiative.kerndatensatz.terminology.person-2024.0.0-suts.2.tgz",
      "integrity": "sha1-LktEJZO0AL/XTq1qgXkhqCl5GNM=",
      "dependencies": {
        "@mii-termserv/de.bfarm.icd-10-who": ">=2019.0.0",
        "@mii-termserv/de.hl7.basisprofile.terminology": "^1.4.0-suts",
        "@mii-termserv/hl7.fhir.r4.terminology": "^4.0.1-suts",
        "@mii-termserv/loinc": ">=2024.8.27",
        "@mii-termserv/snomed-ct": ">=2024.8.27"
      }
    },
    "node_modules/@mii-termserv/de.medizininformatikinitiative.kerndatensatz.terminology.prozedur": {
      "version": "2024.0.0-suts.2",
      "resolved": "https://gitlab.com/api/v4/projects/59282859/packages/npm/@mii-termserv/de.medizininformatikinitiative.kerndatensatz.terminology.prozedur/-/@mii-termserv/de.medizininformatikinitiative.kerndatensatz.terminology.prozedur-2024.0.0-suts.2.tgz",
      "integrity": "sha1-UOy0ZZ5SizGuReavdWAm6n85EOE=",
      "dependencies": {
        "@mii-termserv/de.bfarm.ops": ">=2024.0.0",
        "@mii-termserv/de.hl7.basisprofile.terminology": "^1.4.0-suts",
        "@mii-termserv/snomed-ct": ">=2024.8.27"
      }
    },
    "node_modules/@mii-termserv/de.sutermserv.misc-resources": {
      "version": "1.0.0",
      "resolved": "https://gitlab.com/api/v4/projects/61210909/packages/npm/@mii-termserv/de.sutermserv.misc-resources/-/@mii-termserv/de.sutermserv.misc-resources-1.0.0.tgz",
      "integrity": "sha1-Es6V2dDWURfHM9Q69ZRYaf0rPso="
    },
    "node_modules/@mii-termserv/de.sutermserv.placeholders": {
      "version": "1.0.0",
      "resolved": "https://gitlab.com/api/v4/projects/59462661/packages/npm/@mii-termserv/de.sutermserv.placeholders/-/@mii-termserv/de.sutermserv.placeholders-1.0.0.tgz",
      "integrity": "sha1-TwhU2Lk+odHfAHz3nbpIJ6wFEUs="
    },
    "node_modules/@mii-termserv/dicom.terminology": {
      "version": "2024.5.19-suts.2",
      "resolved": "https://gitlab.com/api/v4/projects/59026310/packages/npm/@mii-termserv/dicom.terminology/-/@mii-termserv/dicom.terminology-2024.5.19-suts.2.tgz",
      "integrity": "sha1-oosElhIoZ+yiIn/R8uh/Pn5V7b0=",
      "dependencies": {
        "@mii-termserv/iso-ieee.11073-10101": ">=2023.9.20",
        "@mii-termserv/org.unitsofmeasures": ">=2024.7.1"
      }
    },
    "node_modules/@mii-termserv/eu.edqm.standardterms": {
      "version": "2025.1.6",
      "resolved": "https://gitlab.com/api/v4/projects/59726112/packages/npm/@mii-termserv/eu.edqm.standardterms/-/@mii-termserv/eu.edqm.standardterms-2025.1.6.tgz",
      "integrity": "sha1-WPpemVpcR6II+xreSIuETnd5LUg="
    },
    "node_modules/@mii-termserv/fr.inserm.orphanet.nomenclature": {
      "version": "2024.0.0",
      "resolved": "https://gitlab.com/api/v4/projects/59951069/packages/npm/@mii-termserv/fr.inserm.orphanet.nomenclature/-/@mii-termserv/fr.inserm.orphanet.nomenclature-2024.0.0.tgz",
      "integrity": "sha1-xEJNLfj9KQZma4Mnqeh7Huv1npM="
    },
    "node_modules/@mii-termserv/hl7.fhir.r4.terminology": {
      "version": "4.0.1-suts.2",
      "resolved": "https://gitlab.com/api/v4/projects/61061120/packages/npm/@mii-termserv/hl7.fhir.r4.terminology/-/@mii-termserv/hl7.fhir.r4.terminology-4.0.1-suts.2.tgz",
      "integrity": "sha1-p3q2qxxNVl9D7+vGEqa+dx2O9G8=",
      "dependencies": {
        "@mii-termserv/dicom.terminology": ">=2024.5.19-suts",
        "@mii-termserv/hl7.terminology.r4": "^5.4.0-suts",
        "@mii-termserv/ihe.formatcodes": "^1.3.0-suts",
        "@mii-termserv/iso-ieee.11073-10101": ">=2023.9.20",
        "@mii-termserv/org.genenames": ">=2024.7.2"
      }
    },
    "node_modules/@mii-termserv/hl7.terminology.r4": {
      "version": "5.4.0-suts.2",
      "resolved": "https://gitlab.com/api/v4/projects/61093356/packages/npm/@mii-termserv/hl7.terminology.r4/-/@mii-termserv/hl7.terminology.r4-5.4.0-suts.2.tgz",
      "integrity": "sha1-E/F/NELa38mdrrXAZIzfgIWBCtc=",
      "dependencies": {
        "@mii-termserv/de.sutermserv.misc-resources": ">=1.0.0"
      }
    },
    "node_modules/@mii-termserv/hl7.uv.genomics-reporting.terminology": {
      "version": "2.0.0-suts.2",
      "resolved": "https://gitlab.com/api/v4/projects/60223793/packages/npm/@mii-termserv/hl7.uv.genomics-reporting.terminology/-/@mii-termserv/hl7.uv.genomics-reporting.terminology-2.0.0-suts.2.tgz",
      "integrity": "sha1-du8QDAkhM5qsYmAoCNKvGBx+Jow=",
      "dependencies": {
        "@mii-termserv/de.sutermserv.placeholders": ">=1.0.0",
        "@mii-termserv/hl7.fhir.r4.terminology": "^4.0.1-suts",
        "@mii-termserv/org.genenames": ">=2024.7.2"
      }
    },
    "node_modules/@mii-termserv/hl7.uv.ips.terminology": {
      "version": "1.1.0-suts.2",
      "resolved": "https://gitlab.com/api/v4/projects/59292188/packages/npm/@mii-termserv/hl7.uv.ips.terminology/-/@mii-termserv/hl7.uv.ips.terminology-1.1.0-suts.2.tgz",
      "integrity": "sha1-UUecNN/5n5mbMWz3pHWN74TDcNk=",
      "dependencies": {
        "@mii-termserv/de.sutermserv.placeholders": ">=1.0.0",
        "@mii-termserv/dicom.terminology": ">=2024.5.19-suts",
        "@mii-termserv/hl7.fhir.r4.terminology": "^4.0.1-suts",
        "@mii-termserv/hl7.terminology.r4": "^5.4.0-suts",
        "@mii-termserv/loinc": ">=2024.8.0",
        "@mii-termserv/snomed-ct": ">=2024.8.0"
      }
    },
    "node_modules/@mii-termserv/ihe.formatcodes": {
      "version": "1.3.0-suts.2",
      "resolved": "https://gitlab.com/api/v4/projects/59025522/packages/npm/@mii-termserv/ihe.formatcodes/-/@mii-termserv/ihe.formatcodes-1.3.0-suts.2.tgz",
      "integrity": "sha1-XJiuHIyfuFIlv1DSEMVRpMbw+q0=",
      "dependencies": {
        "@mii-termserv/dicom.terminology": ">=2024.5.19-suts"
      }
    },
    "node_modules/@mii-termserv/iso-ieee.11073-10101": {
      "version": "2024.12.5",
      "resolved": "https://gitlab.com/api/v4/projects/57866495/packages/npm/@mii-termserv/iso-ieee.11073-10101/-/@mii-termserv/iso-ieee.11073-10101-2024.12.5.tgz",
      "integrity": "sha1-V/xVLrIwdhHKrjikIsCXg6D6UvY="
    },
    "node_modules/@mii-termserv/loinc": {
      "version": "2024.10.11",
      "resolved": "https://gitlab.com/api/v4/projects/57841883/packages/npm/@mii-termserv/loinc/-/@mii-termserv/loinc-2024.10.11.tgz",
      "integrity": "sha1-AVaKNQmP04qOR7dwfe3vAz/cSZY="
    },
    "node_modules/@mii-termserv/org.genenames": {
      "version": "2024.7.2",
      "resolved": "https://gitlab.com/api/v4/projects/60999294/packages/npm/@mii-termserv/org.genenames/-/@mii-termserv/org.genenames-2024.7.2.tgz",
      "integrity": "sha1-zDkJF6JuWpCQZw/1w6xx05pA/Z4="
    },
    "node_modules/@mii-termserv/org.unitsofmeasures": {
      "version": "2024.7.1",
      "resolved": "https://gitlab.com/api/v4/projects/59457546/packages/npm/@mii-termserv/org.unitsofmeasures/-/@mii-termserv/org.unitsofmeasures-2024.7.1.tgz",
      "integrity": "sha1-172DlVbschzk+3vmme3SqQRl32k="
    },
    "node_modules/@mii-termserv/snomed-ct": {
      "version": "2025.1.1",
      "resolved": "https://gitlab.com/api/v4/projects/57841874/packages/npm/@mii-termserv/snomed-ct/-/@mii-termserv/snomed-ct-2025.1.1.tgz",
      "integrity": "sha1-Cch4WfX3VfVaEUrvYWOdsvEl8Vk="
    },
    "node_modules/@mii-termserv/us.fda.unii": {
      "version": "2024.12.20",
      "resolved": "https://gitlab.com/api/v4/projects/60507584/packages/npm/@mii-termserv/us.fda.unii/-/@mii-termserv/us.fda.unii-2024.12.20.tgz",
      "integrity": "sha1-UNFWsqgu2eIuGm/1On+kumQDFPQ="
    }
  }
}
